
Microsoft Visual Studio Solution File, Format Version 12.00
# Visual Studio 15
VisualStudioVersion = 15.0.26403.7
MinimumVisualStudioVersion = 10.0.40219.1
Project("{FAE04EC0-301F-11D3-BF4B-00C04F79EFBC}") = "Alltact.Api", "Alltact.Api\Alltact.Api.csproj", "{CEAAAD19-2635-41F7-A0EF-9D29ED7C4CC4}"
EndProject
Project("{FAE04EC0-301F-11D3-BF4B-00C04F79EFBC}") = "Alltact.Api.Tests", "Alltact.Api.Tests\Alltact.Api.Tests.csproj", "{D3275795-6D18-4169-A81F-2D051C334A7A}"
EndProject
Global
	GlobalSection(SolutionConfigurationPlatforms) = preSolution
		Debug|Any CPU = Debug|Any CPU
		Release|Any CPU = Release|Any CPU
	EndGlobalSection
	GlobalSection(ProjectConfigurationPlatforms) = postSolution
		{CEAAAD19-2635-41F7-A0EF-9D29ED7C4CC4}.Debug|Any CPU.ActiveCfg = Debug|Any CPU
		{CEAAAD19-2635-41F7-A0EF-9D29ED7C4CC4}.Debug|Any CPU.Build.0 = Debug|Any CPU
		{CEAAAD19-2635-41F7-A0EF-9D29ED7C4CC4}.Release|Any CPU.ActiveCfg = Release|Any CPU
		{CEAAAD19-2635-41F7-A0EF-9D29ED7C4CC4}.Release|Any CPU.Build.0 = Release|Any CPU
		{D3275795-6D18-4169-A81F-2D051C334A7A}.Debug|Any CPU.ActiveCfg = Debug|Any CPU
		{D3275795-6D18-4169-A81F-2D051C334A7A}.Debug|Any CPU.Build.0 = Debug|Any CPU
		{D3275795-6D18-4169-A81F-2D051C334A7A}.Release|Any CPU.ActiveCfg = Release|Any CPU
		{D3275795-6D18-4169-A81F-2D051C334A7A}.Release|Any CPU.Build.0 = Release|Any CPU
	EndGlobalSection
	GlobalSection(SolutionProperties) = preSolution
		HideSolutionNode = FALSE
	EndGlobalSection
EndGlobal
